// !$*UTF8*$!
{
	archiveVersion = 1;
	classes = {
	};
	objectVersion = 56;
	objects = {

/* Begin PBXBuildFile section */
		5F96A3FF2C67CD060085EEF0 /* ImageCache.swift in Sources */ = {isa = PBXBuildFile; fileRef = 5F96A3FE2C67CD060085EEF0 /* ImageCache.swift */; };
		5F96A4012C67CD8A0085EEF0 /* NetworkMonitor.swift in Sources */ = {isa = PBXBuildFile; fileRef = 5F96A4002C67CD8A0085EEF0 /* NetworkMonitor.swift */; };
		5F96A4032C685FD00085EEF0 /* MatchCard.swift in Sources */ = {isa = PBXBuildFile; fileRef = 5F96A4022C685FCF0085EEF0 /* MatchCard.swift */; };
		5F96A4052C685FE20085EEF0 /* MatchDetail.swift in Sources */ = {isa = PBXBuildFile; fileRef = 5F96A4042C685FE20085EEF0 /* MatchDetail.swift */; };
		5FF4CA882C674BB60034D134 /* MatchMateApp.swift in Sources */ = {isa = PBXBuildFile; fileRef = 5FF4CA872C674BB60034D134 /* MatchMateApp.swift */; };
		5FF4CA8C2C674BB80034D134 /* Assets.xcassets in Resources */ = {isa = PBXBuildFile; fileRef = 5FF4CA8B2C674BB80034D134 /* Assets.xcassets */; };
		5FF4CA8F2C674BB80034D134 /* Preview Assets.xcassets in Resources */ = {isa = PBXBuildFile; fileRef = 5FF4CA8E2C674BB80034D134 /* Preview Assets.xcassets */; };
		5FF4CA912C674BB80034D134 /* Persistence.swift in Sources */ = {isa = PBXBuildFile; fileRef = 5FF4CA902C674BB80034D134 /* Persistence.swift */; };
		5FF4CA942C674BB80034D134 /* MatchMate.xcdatamodeld in Sources */ = {isa = PBXBuildFile; fileRef = 5FF4CA922C674BB80034D134 /* MatchMate.xcdatamodeld */; };
		5FF4CA9C2C675EB40034D134 /* ApiService.swift in Sources */ = {isa = PBXBuildFile; fileRef = 5FF4CA9B2C675EB40034D134 /* ApiService.swift */; };
		5FF4CA9F2C675EF40034D134 /* Match.swift in Sources */ = {isa = PBXBuildFile; fileRef = 5FF4CA9E2C675EF40034D134 /* Match.swift */; };
		5FF4CAA22C6760FE0034D134 /* MatchViewModel.swift in Sources */ = {isa = PBXBuildFile; fileRef = 5FF4CAA12C6760FE0034D134 /* MatchViewModel.swift */; };
		5FF4CAA42C67634F0034D134 /* MatchResponse.swift in Sources */ = {isa = PBXBuildFile; fileRef = 5FF4CAA32C67634F0034D134 /* MatchResponse.swift */; };
		5FF4CAA72C6763B00034D134 /* MatchView.swift in Sources */ = {isa = PBXBuildFile; fileRef = 5FF4CAA62C6763B00034D134 /* MatchView.swift */; };
		5FF4CABC2C678D830034D134 /* MatchEntity+CoreDataClass.swift in Sources */ = {isa = PBXBuildFile; fileRef = 5FF4CABA2C678D830034D134 /* MatchEntity+CoreDataClass.swift */; };
		5FF4CABD2C678D830034D134 /* MatchEntity+CoreDataProperties.swift in Sources */ = {isa = PBXBuildFile; fileRef = 5FF4CABB2C678D830034D134 /* MatchEntity+CoreDataProperties.swift */; };
		9DA6F6E34C97B7D84A9FDE70 /* Pods_MatchMate.framework in Frameworks */ = {isa = PBXBuildFile; fileRef = D9500660B5E77693D6358232 /* Pods_MatchMate.framework */; };
/* End PBXBuildFile section */

/* Begin PBXFileReference section */
		51D14CBB904053D5A7D5EE3C /* Pods-MatchMate.debug.xcconfig */ = {isa = PBXFileReference; includeInIndex = 1; lastKnownFileType = text.xcconfig; name = "Pods-MatchMate.debug.xcconfig"; path = "Target Support Files/Pods-MatchMate/Pods-MatchMate.debug.xcconfig"; sourceTree = "<group>"; };
		5F96A3FE2C67CD060085EEF0 /* ImageCache.swift */ = {isa = PBXFileReference; lastKnownFileType = sourcecode.swift; path = ImageCache.swift; sourceTree = "<group>"; };
		5F96A4002C67CD8A0085EEF0 /* NetworkMonitor.swift */ = {isa = PBXFileReference; lastKnownFileType = sourcecode.swift; path = NetworkMonitor.swift; sourceTree = "<group>"; };
		5F96A4022C685FCF0085EEF0 /* MatchCard.swift */ = {isa = PBXFileReference; lastKnownFileType = sourcecode.swift; path = MatchCard.swift; sourceTree = "<group>"; };
		5F96A4042C685FE20085EEF0 /* MatchDetail.swift */ = {isa = PBXFileReference; lastKnownFileType = sourcecode.swift; path = MatchDetail.swift; sourceTree = "<group>"; };
		5FF4CA842C674BB60034D134 /* MatchMate.app */ = {isa = PBXFileReference; explicitFileType = wrapper.application; includeInIndex = 0; path = MatchMate.app; sourceTree = BUILT_PRODUCTS_DIR; };
		5FF4CA872C674BB60034D134 /* MatchMateApp.swift */ = {isa = PBXFileReference; lastKnownFileType = sourcecode.swift; path = MatchMateApp.swift; sourceTree = "<group>"; };
		5FF4CA8B2C674BB80034D134 /* Assets.xcassets */ = {isa = PBXFileReference; lastKnownFileType = folder.assetcatalog; path = Assets.xcassets; sourceTree = "<group>"; };
		5FF4CA8E2C674BB80034D134 /* Preview Assets.xcassets */ = {isa = PBXFileReference; lastKnownFileType = folder.assetcatalog; path = "Preview Assets.xcassets"; sourceTree = "<group>"; };
		5FF4CA902C674BB80034D134 /* Persistence.swift */ = {isa = PBXFileReference; lastKnownFileType = sourcecode.swift; path = Persistence.swift; sourceTree = "<group>"; };
		5FF4CA932C674BB80034D134 /* MatchMate.xcdatamodel */ = {isa = PBXFileReference; lastKnownFileType = wrapper.xcdatamodel; path = MatchMate.xcdatamodel; sourceTree = "<group>"; };
		5FF4CA9B2C675EB40034D134 /* ApiService.swift */ = {isa = PBXFileReference; lastKnownFileType = sourcecode.swift; path = ApiService.swift; sourceTree = "<group>"; };
		5FF4CA9E2C675EF40034D134 /* Match.swift */ = {isa = PBXFileReference; lastKnownFileType = sourcecode.swift; path = Match.swift; sourceTree = "<group>"; };
		5FF4CAA12C6760FE0034D134 /* MatchViewModel.swift */ = {isa = PBXFileReference; lastKnownFileType = sourcecode.swift; path = MatchViewModel.swift; sourceTree = "<group>"; };
		5FF4CAA32C67634F0034D134 /* MatchResponse.swift */ = {isa = PBXFileReference; lastKnownFileType = sourcecode.swift; path = MatchResponse.swift; sourceTree = "<group>"; };
		5FF4CAA62C6763B00034D134 /* MatchView.swift */ = {isa = PBXFileReference; lastKnownFileType = sourcecode.swift; path = MatchView.swift; sourceTree = "<group>"; };
		5FF4CABA2C678D830034D134 /* MatchEntity+CoreDataClass.swift */ = {isa = PBXFileReference; lastKnownFileType = sourcecode.swift; path = "MatchEntity+CoreDataClass.swift"; sourceTree = "<group>"; };
		5FF4CABB2C678D830034D134 /* MatchEntity+CoreDataProperties.swift */ = {isa = PBXFileReference; lastKnownFileType = sourcecode.swift; path = "MatchEntity+CoreDataProperties.swift"; sourceTree = "<group>"; };
		839814320956AE6577560D4C /* Pods-MatchMate.release.xcconfig */ = {isa = PBXFileReference; includeInIndex = 1; lastKnownFileType = text.xcconfig; name = "Pods-MatchMate.release.xcconfig"; path = "Target Support Files/Pods-MatchMate/Pods-MatchMate.release.xcconfig"; sourceTree = "<group>"; };
		D9500660B5E77693D6358232 /* Pods_MatchMate.framework */ = {isa = PBXFileReference; explicitFileType = wrapper.framework; includeInIndex = 0; path = Pods_MatchMate.framework; sourceTree = BUILT_PRODUCTS_DIR; };
/* End PBXFileReference section */

/* Begin PBXFrameworksBuildPhase section */
		5FF4CA812C674BB60034D134 /* Frameworks */ = {
			isa = PBXFrameworksBuildPhase;
			buildActionMask = 2147483647;
			files = (
				9DA6F6E34C97B7D84A9FDE70 /* Pods_MatchMate.framework in Frameworks */,
			);
			runOnlyForDeploymentPostprocessing = 0;
		};
/* End PBXFrameworksBuildPhase section */

/* Begin PBXGroup section */
		2835416450EDBF58BE80AEE3 /* Frameworks */ = {
			isa = PBXGroup;
			children = (
				D9500660B5E77693D6358232 /* Pods_MatchMate.framework */,
			);
			name = Frameworks;
			sourceTree = "<group>";
		};
		4217EDF224B9BF4CBAA07DA3 /* Pods */ = {
			isa = PBXGroup;
			children = (
				51D14CBB904053D5A7D5EE3C /* Pods-MatchMate.debug.xcconfig */,
				839814320956AE6577560D4C /* Pods-MatchMate.release.xcconfig */,
			);
			path = Pods;
			sourceTree = "<group>";
		};
		5F69DB772C68CF78008DEFB1 /* Utilities */ = {
			isa = PBXGroup;
			children = (
				5F96A3FE2C67CD060085EEF0 /* ImageCache.swift */,
				5F96A4002C67CD8A0085EEF0 /* NetworkMonitor.swift */,
			);
			path = Utilities;
			sourceTree = "<group>";
		};
		5F69DB782C68CFAF008DEFB1 /* CoreDataManager */ = {
			isa = PBXGroup;
			children = (
				5FF4CA902C674BB80034D134 /* Persistence.swift */,
			);
			path = CoreDataManager;
			sourceTree = "<group>";
		};
		5F69DB792C68CFC0008DEFB1 /* EntryPoint */ = {
			isa = PBXGroup;
			children = (
				5FF4CA872C674BB60034D134 /* MatchMateApp.swift */,
			);
			path = EntryPoint;
			sourceTree = "<group>";
		};
		5FF4CA7B2C674BB60034D134 = {
			isa = PBXGroup;
			children = (
				5FF4CA862C674BB60034D134 /* MatchMate */,
				5FF4CA852C674BB60034D134 /* Products */,
				4217EDF224B9BF4CBAA07DA3 /* Pods */,
				2835416450EDBF58BE80AEE3 /* Frameworks */,
			);
			sourceTree = "<group>";
		};
		5FF4CA852C674BB60034D134 /* Products */ = {
			isa = PBXGroup;
			children = (
				5FF4CA842C674BB60034D134 /* MatchMate.app */,
			);
			name = Products;
			sourceTree = "<group>";
		};
		5FF4CA862C674BB60034D134 /* MatchMate */ = {
			isa = PBXGroup;
			children = (
				5F69DB792C68CFC0008DEFB1 /* EntryPoint */,
				5F69DB782C68CFAF008DEFB1 /* CoreDataManager */,
				5F69DB772C68CF78008DEFB1 /* Utilities */,
				5FF4CAA52C6763A10034D134 /* View */,
				5FF4CAA02C6760DF0034D134 /* ViewModel */,
				5FF4CA9D2C675ED90034D134 /* Model */,
				5FF4CA9A2C675EA40034D134 /* Services */,
				5FF4CA8B2C674BB80034D134 /* Assets.xcassets */,
				5FF4CA922C674BB80034D134 /* MatchMate.xcdatamodeld */,
				5FF4CA8D2C674BB80034D134 /* Preview Content */,
			);
			path = MatchMate;
			sourceTree = "<group>";
		};
		5FF4CA8D2C674BB80034D134 /* Preview Content */ = {
			isa = PBXGroup;
			children = (
				5FF4CA8E2C674BB80034D134 /* Preview Assets.xcassets */,
			);
			path = "Preview Content";
			sourceTree = "<group>";
		};
		5FF4CA9A2C675EA40034D134 /* Services */ = {
			isa = PBXGroup;
			children = (
				5FF4CA9B2C675EB40034D134 /* ApiService.swift */,
			);
			path = Services;
			sourceTree = "<group>";
		};
		5FF4CA9D2C675ED90034D134 /* Model */ = {
			isa = PBXGroup;
			children = (
				5FF4CABB2C678D830034D134 /* MatchEntity+CoreDataProperties.swift */,
				5FF4CABA2C678D830034D134 /* MatchEntity+CoreDataClass.swift */,
				5FF4CA9E2C675EF40034D134 /* Match.swift */,
				5FF4CAA32C67634F0034D134 /* MatchResponse.swift */,
			);
			path = Model;
			sourceTree = "<group>";
		};
		5FF4CAA02C6760DF0034D134 /* ViewModel */ = {
			isa = PBXGroup;
			children = (
				5FF4CAA12C6760FE0034D134 /* MatchViewModel.swift */,
			);
			path = ViewModel;
			sourceTree = "<group>";
		};
		5FF4CAA52C6763A10034D134 /* View */ = {
			isa = PBXGroup;
			children = (
				5FF4CAA62C6763B00034D134 /* MatchView.swift */,
				5F96A4022C685FCF0085EEF0 /* MatchCard.swift */,
				5F96A4042C685FE20085EEF0 /* MatchDetail.swift */,
			);
			path = View;
			sourceTree = "<group>";
		};
/* End PBXGroup section */

/* Begin PBXNativeTarget section */
		5FF4CA832C674BB60034D134 /* MatchMate */ = {
			isa = PBXNativeTarget;
			buildConfigurationList = 5FF4CA972C674BB80034D134 /* Build configuration list for PBXNativeTarget "MatchMate" */;
			buildPhases = (
				3F10BF2C28B0DBFC34FBA713 /* [CP] Check Pods Manifest.lock */,
				5FF4CA802C674BB60034D134 /* Sources */,
				5FF4CA812C674BB60034D134 /* Frameworks */,
				5FF4CA822C674BB60034D134 /* Resources */,
				011DE1C23A90C8B9274554CA /* [CP] Embed Pods Frameworks */,
			);
			buildRules = (
			);
			dependencies = (
			);
			name = MatchMate;
			productName = MatchMate;
			productReference = 5FF4CA842C674BB60034D134 /* MatchMate.app */;
			productType = "com.apple.product-type.application";
		};
/* End PBXNativeTarget section */

/* Begin PBXProject section */
		5FF4CA7C2C674BB60034D134 /* Project object */ = {
			isa = PBXProject;
			attributes = {
				BuildIndependentTargetsInParallel = 1;
				LastSwiftUpdateCheck = 1540;
				LastUpgradeCheck = 1540;
				TargetAttributes = {
					5FF4CA832C674BB60034D134 = {
						CreatedOnToolsVersion = 15.4;
					};
				};
			};
			buildConfigurationList = 5FF4CA7F2C674BB60034D134 /* Build configuration list for PBXProject "MatchMate" */;
			compatibilityVersion = "Xcode 14.0";
			developmentRegion = en;
			hasScannedForEncodings = 0;
			knownRegions = (
				en,
				Base,
			);
			mainGroup = 5FF4CA7B2C674BB60034D134;
			productRefGroup = 5FF4CA852C674BB60034D134 /* Products */;
			projectDirPath = "";
			projectRoot = "";
			targets = (
				5FF4CA832C674BB60034D134 /* MatchMate */,
			);
		};
/* End PBXProject section */

/* Begin PBXResourcesBuildPhase section */
		5FF4CA822C674BB60034D134 /* Resources */ = {
			isa = PBXResourcesBuildPhase;
			buildActionMask = 2147483647;
			files = (
				5FF4CA8F2C674BB80034D134 /* Preview Assets.xcassets in Resources */,
				5FF4CA8C2C674BB80034D134 /* Assets.xcassets in Resources */,
			);
			runOnlyForDeploymentPostprocessing = 0;
		};
/* End PBXResourcesBuildPhase section */

/* Begin PBXShellScriptBuildPhase section */
		011DE1C23A90C8B9274554CA /* [CP] Embed Pods Frameworks */ = {
			isa = PBXShellScriptBuildPhase;
			buildActionMask = 2147483647;
			files = (
			);
			inputFileListPaths = (
				"${PODS_ROOT}/Target Support Files/Pods-MatchMate/Pods-MatchMate-frameworks-${CONFIGURATION}-input-files.xcfilelist",
			);
			name = "[CP] Embed Pods Frameworks";
			outputFileListPaths = (
				"${PODS_ROOT}/Target Support Files/Pods-MatchMate/Pods-MatchMate-frameworks-${CONFIGURATION}-output-files.xcfilelist",
			);
			runOnlyForDeploymentPostprocessing = 0;
			shellPath = /bin/sh;
			shellScript = "\"${PODS_ROOT}/Target Support Files/Pods-MatchMate/Pods-MatchMate-frameworks.sh\"\n";
			showEnvVarsInLog = 0;
		};
		3F10BF2C28B0DBFC34FBA713 /* [CP] Check Pods Manifest.lock */ = {
			isa = PBXShellScriptBuildPhase;
			buildActionMask = 2147483647;
			files = (
			);
			inputFileListPaths = (
			);
			inputPaths = (
				"${PODS_PODFILE_DIR_PATH}/Podfile.lock",
				"${PODS_ROOT}/Manifest.lock",
			);
			name = "[CP] Check Pods Manifest.lock";
			outputFileListPaths = (
			);
			outputPaths = (
				"$(DERIVED_FILE_DIR)/Pods-MatchMate-checkManifestLockResult.txt",
			);
			runOnlyForDeploymentPostprocessing = 0;
			shellPath = /bin/sh;
			shellScript = "diff \"${PODS_PODFILE_DIR_PATH}/Podfile.lock\" \"${PODS_ROOT}/Manifest.lock\" > /dev/null\nif [ $? != 0 ] ; then\n    # print error to STDERR\n    echo \"error: The sandbox is not in sync with the Podfile.lock. Run 'pod install' or update your CocoaPods installation.\" >&2\n    exit 1\nfi\n# This output is used by Xcode 'outputs' to avoid re-running this script phase.\necho \"SUCCESS\" > \"${SCRIPT_OUTPUT_FILE_0}\"\n";
			showEnvVarsInLog = 0;
		};
/* End PBXShellScriptBuildPhase section */

/* Begin PBXSourcesBuildPhase section */
		5FF4CA802C674BB60034D134 /* Sources */ = {
			isa = PBXSourcesBuildPhase;
			buildActionMask = 2147483647;
			files = (
				5FF4CABC2C678D830034D134 /* MatchEntity+CoreDataClass.swift in Sources */,
				5FF4CABD2C678D830034D134 /* MatchEntity+CoreDataProperties.swift in Sources */,
				5FF4CA912C674BB80034D134 /* Persistence.swift in Sources */,
				5FF4CA9C2C675EB40034D134 /* ApiService.swift in Sources */,
				5F96A4052C685FE20085EEF0 /* MatchDetail.swift in Sources */,
				5FF4CAA42C67634F0034D134 /* MatchResponse.swift in Sources */,
				5F96A4032C685FD00085EEF0 /* MatchCard.swift in Sources */,
				5FF4CAA22C6760FE0034D134 /* MatchViewModel.swift in Sources */,
				5F96A3FF2C67CD060085EEF0 /* ImageCache.swift in Sources */,
				5FF4CAA72C6763B00034D134 /* MatchView.swift in Sources */,
				5F96A4012C67CD8A0085EEF0 /* NetworkMonitor.swift in Sources */,
				5FF4CA942C674BB80034D134 /* MatchMate.xcdatamodeld in Sources */,
				5FF4CA882C674BB60034D134 /* MatchMateApp.swift in Sources */,
				5FF4CA9F2C675EF40034D134 /* Match.swift in Sources */,
			);
			runOnlyForDeploymentPostprocessing = 0;
		};
/* End PBXSourcesBuildPhase section */

/* Begin XCBuildConfiguration section */
		5FF4CA952C674BB80034D134 /* Debug */ = {
			isa = XCBuildConfiguration;
			buildSettings = {
				ALWAYS_SEARCH_USER_PATHS = NO;
				ASSETCATALOG_COMPILER_GENERATE_SWIFT_ASSET_SYMBOL_EXTENSIONS = YES;
				CLANG_ANALYZER_NONNULL = YES;
				CLANG_ANALYZER_NUMBER_OBJECT_CONVERSION = YES_AGGRESSIVE;
				CLANG_CXX_LANGUAGE_STANDARD = "gnu++20";
				CLANG_ENABLE_MODULES = YES;
				CLANG_ENABLE_OBJC_ARC = YES;
				CLANG_ENABLE_OBJC_WEAK = YES;
				CLANG_WARN_BLOCK_CAPTURE_AUTORELEASING = YES;
				CLANG_WARN_BOOL_CONVERSION = YES;
				CLANG_WARN_COMMA = YES;
				CLANG_WARN_CONSTANT_CONVERSION = YES;
				CLANG_WARN_DEPRECATED_OBJC_IMPLEMENTATIONS = YES;
				CLANG_WARN_DIRECT_OBJC_ISA_USAGE = YES_ERROR;
				CLANG_WARN_DOCUMENTATION_COMMENTS = YES;
				CLANG_WARN_EMPTY_BODY = YES;
				CLANG_WARN_ENUM_CONVERSION = YES;
				CLANG_WARN_INFINITE_RECURSION = YES;
				CLANG_WARN_INT_CONVERSION = YES;
				CLANG_WARN_NON_LITERAL_NULL_CONVERSION = YES;
				CLANG_WARN_OBJC_IMPLICIT_RETAIN_SELF = YES;
				CLANG_WARN_OBJC_LITERAL_CONVERSION = YES;
				CLANG_WARN_OBJC_ROOT_CLASS = YES_ERROR;
				CLANG_WARN_QUOTED_INCLUDE_IN_FRAMEWORK_HEADER = YES;
				CLANG_WARN_RANGE_LOOP_ANALYSIS = YES;
				CLANG_WARN_STRICT_PROTOTYPES = YES;
				CLANG_WARN_SUSPICIOUS_MOVE = YES;
				CLANG_WARN_UNGUARDED_AVAILABILITY = YES_AGGRESSIVE;
				CLANG_WARN_UNREACHABLE_CODE = YES;
				CLANG_WARN__DUPLICATE_METHOD_MATCH = YES;
				COPY_PHASE_STRIP = NO;
				DEBUG_INFORMATION_FORMAT = dwarf;
				ENABLE_STRICT_OBJC_MSGSEND = YES;
				ENABLE_TESTABILITY = YES;
				ENABLE_USER_SCRIPT_SANDBOXING = YES;
				GCC_C_LANGUAGE_STANDARD = gnu17;
				GCC_DYNAMIC_NO_PIC = NO;
				GCC_NO_COMMON_BLOCKS = YES;
				GCC_OPTIMIZATION_LEVEL = 0;
				GCC_PREPROCESSOR_DEFINITIONS = (
					"DEBUG=1",
					"$(inherited)",
				);
				GCC_WARN_64_TO_32_BIT_CONVERSION = YES;
				GCC_WARN_ABOUT_RETURN_TYPE = YES_ERROR;
				GCC_WARN_UNDECLARED_SELECTOR = YES;
				GCC_WARN_UNINITIALIZED_AUTOS = YES_AGGRESSIVE;
				GCC_WARN_UNUSED_FUNCTION = YES;
				GCC_WARN_UNUSED_VARIABLE = YES;
				IPHONEOS_DEPLOYMENT_TARGET = 17.0;
				LOCALIZATION_PREFERS_STRING_CATALOGS = YES;
				MTL_ENABLE_DEBUG_INFO = INCLUDE_SOURCE;
				MTL_FAST_MATH = YES;
				ONLY_ACTIVE_ARCH = YES;
				SDKROOT = iphoneos;
				SWIFT_ACTIVE_COMPILATION_CONDITIONS = "DEBUG $(inherited)";
				SWIFT_OPTIMIZATION_LEVEL = "-Onone";
			};
			name = Debug;
		};
		5FF4CA962C674BB80034D134 /* Release */ = {
			isa = XCBuildConfiguration;
			buildSettings = {
				ALWAYS_SEARCH_USER_PATHS = NO;
				ASSETCATALOG_COMPILER_GENERATE_SWIFT_ASSET_SYMBOL_EXTENSIONS = YES;
				CLANG_ANALYZER_NONNULL = YES;
				CLANG_ANALYZER_NUMBER_OBJECT_CONVERSION = YES_AGGRESSIVE;
				CLANG_CXX_LANGUAGE_STANDARD = "gnu++20";
				CLANG_ENABLE_MODULES = YES;
				CLANG_ENABLE_OBJC_ARC = YES;
				CLANG_ENABLE_OBJC_WEAK = YES;
				CLANG_WARN_BLOCK_CAPTURE_AUTORELEASING = YES;
				CLANG_WARN_BOOL_CONVERSION = YES;
				CLANG_WARN_COMMA = YES;
				CLANG_WARN_CONSTANT_CONVERSION = YES;
				CLANG_WARN_DEPRECATED_OBJC_IMPLEMENTATIONS = YES;
				CLANG_WARN_DIRECT_OBJC_ISA_USAGE = YES_ERROR;
				CLANG_WARN_DOCUMENTATION_COMMENTS = YES;
				CLANG_WARN_EMPTY_BODY = YES;
				CLANG_WARN_ENUM_CONVERSION = YES;
				CLANG_WARN_INFINITE_RECURSION = YES;
				CLANG_WARN_INT_CONVERSION = YES;
				CLANG_WARN_NON_LITERAL_NULL_CONVERSION = YES;
				CLANG_WARN_OBJC_IMPLICIT_RETAIN_SELF = YES;
				CLANG_WARN_OBJC_LITERAL_CONVERSION = YES;
				CLANG_WARN_OBJC_ROOT_CLASS = YES_ERROR;
				CLANG_WARN_QUOTED_INCLUDE_IN_FRAMEWORK_HEADER = YES;
				CLANG_WARN_RANGE_LOOP_ANALYSIS = YES;
				CLANG_WARN_STRICT_PROTOTYPES = YES;
				CLANG_WARN_SUSPICIOUS_MOVE = YES;
				CLANG_WARN_UNGUARDED_AVAILABILITY = YES_AGGRESSIVE;
				CLANG_WARN_UNREACHABLE_CODE = YES;
				CLANG_WARN__DUPLICATE_METHOD_MATCH = YES;
				COPY_PHASE_STRIP = NO;
				DEBUG_INFORMATION_FORMAT = "dwarf-with-dsym";
				ENABLE_NS_ASSERTIONS = NO;
				ENABLE_STRICT_OBJC_MSGSEND = YES;
				ENABLE_USER_SCRIPT_SANDBOXING = YES;
				GCC_C_LANGUAGE_STANDARD = gnu17;
				GCC_NO_COMMON_BLOCKS = YES;
				GCC_WARN_64_TO_32_BIT_CONVERSION = YES;
				GCC_WARN_ABOUT_RETURN_TYPE = YES_ERROR;
				GCC_WARN_UNDECLARED_SELECTOR = YES;
				GCC_WARN_UNINITIALIZED_AUTOS = YES_AGGRESSIVE;
				GCC_WARN_UNUSED_FUNCTION = YES;
				GCC_WARN_UNUSED_VARIABLE = YES;
				IPHONEOS_DEPLOYMENT_TARGET = 17.0;
				LOCALIZATION_PREFERS_STRING_CATALOGS = YES;
				MTL_ENABLE_DEBUG_INFO = NO;
				MTL_FAST_MATH = YES;
				SDKROOT = iphoneos;
				SWIFT_COMPILATION_MODE = wholemodule;
				VALIDATE_PRODUCT = YES;
			};
			name = Release;
		};
		5FF4CA982C674BB80034D134 /* Debug */ = {
			isa = XCBuildConfiguration;
			baseConfigurationReference = 51D14CBB904053D5A7D5EE3C /* Pods-MatchMate.debug.xcconfig */;
			buildSettings = {
				ASSETCATALOG_COMPILER_APPICON_NAME = AppIcon;
				ASSETCATALOG_COMPILER_GLOBAL_ACCENT_COLOR_NAME = AccentColor;
				CODE_SIGN_STYLE = Automatic;
				CURRENT_PROJECT_VERSION = 1;
				DEVELOPMENT_ASSET_PATHS = "\"MatchMate/Preview Content\"";
				DEVELOPMENT_TEAM = D6VG7965AC;
				ENABLE_PREVIEWS = YES;
				ENABLE_USER_SCRIPT_SANDBOXING = NO;
				GENERATE_INFOPLIST_FILE = YES;
				INFOPLIST_KEY_UIApplicationSceneManifest_Generation = YES;
				INFOPLIST_KEY_UIApplicationSupportsIndirectInputEvents = YES;
				INFOPLIST_KEY_UILaunchScreen_Generation = YES;
				INFOPLIST_KEY_UISupportedInterfaceOrientations_iPad = "UIInterfaceOrientationPortrait UIInterfaceOrientationPortraitUpsideDown UIInterfaceOrientationLandscapeLeft UIInterfaceOrientationLandscapeRight";
				INFOPLIST_KEY_UISupportedInterfaceOrientations_iPhone = "UIInterfaceOrientationPortrait UIInterfaceOrientationLandscapeLeft UIInterfaceOrientationLandscapeRight";
				LD_RUNPATH_SEARCH_PATHS = (
					"$(inherited)",
					"@executable_path/Frameworks",
				);
				MARKETING_VERSION = 1.0;
				PRODUCT_BUNDLE_IDENTIFIER = com.MM.MatchMate;
				PRODUCT_NAME = "$(TARGET_NAME)";
				SWIFT_EMIT_LOC_STRINGS = YES;
				SWIFT_VERSION = 5.0;
				TARGETED_DEVICE_FAMILY = "1,2";
			};
			name = Debug;
		};
		5FF4CA992C674BB80034D134 /* Release */ = {
			isa = XCBuildConfiguration;
			baseConfigurationReference = 839814320956AE6577560D4C /* Pods-MatchMate.release.xcconfig */;
			buildSettings = {
				ASSETCATALOG_COMPILER_APPICON_NAME = AppIcon;
				ASSETCATALOG_COMPILER_GLOBAL_ACCENT_COLOR_NAME = AccentColor;
				CODE_SIGN_STYLE = Automatic;
				CURRENT_PROJECT_VERSION = 1;
				DEVELOPMENT_ASSET_PATHS = "\"MatchMate/Preview Content\"";
				DEVELOPMENT_TEAM = D6VG7965AC;
				ENABLE_PREVIEWS = YES;
				ENABLE_USER_SCRIPT_SANDBOXING = NO;
				GENERATE_INFOPLIST_FILE = YES;
				INFOPLIST_KEY_UIApplicationSceneManifest_Generation = YES;
				INFOPLIST_KEY_UIApplicationSupportsIndirectInputEvents = YES;
				INFOPLIST_KEY_UILaunchScreen_Generation = YES;
				INFOPLIST_KEY_UISupportedInterfaceOrientations_iPad = "UIInterfaceOrientationPortrait UIInterfaceOrientationPortraitUpsideDown UIInterfaceOrientationLandscapeLeft UIInterfaceOrientationLandscapeRight";
				INFOPLIST_KEY_UISupportedInterfaceOrientations_iPhone = "UIInterfaceOrientationPortrait UIInterfaceOrientationLandscapeLeft UIInterfaceOrientationLandscapeRight";
				LD_RUNPATH_SEARCH_PATHS = (
					"$(inherited)",
					"@executable_path/Frameworks",
				);
				MARKETING_VERSION = 1.0;
				PRODUCT_BUNDLE_IDENTIFIER = com.MM.MatchMate;
				PRODUCT_NAME = "$(TARGET_NAME)";
				SWIFT_EMIT_LOC_STRINGS = YES;
				SWIFT_VERSION = 5.0;
				TARGETED_DEVICE_FAMILY = "1,2";
			};
			name = Release;
		};
/* End XCBuildConfiguration section */

/* Begin XCConfigurationList section */
		5FF4CA7F2C674BB60034D134 /* Build configuration list for PBXProject "MatchMate" */ = {
			isa = XCConfigurationList;
			buildConfigurations = (
				5FF4CA952C674BB80034D134 /* Debug */,
				5FF4CA962C674BB80034D134 /* Release */,
			);
			defaultConfigurationIsVisible = 0;
			defaultConfigurationName = Release;
		};
		5FF4CA972C674BB80034D134 /* Build configuration list for PBXNativeTarget "MatchMate" */ = {
			isa = XCConfigurationList;
			buildConfigurations = (
				5FF4CA982C674BB80034D134 /* Debug */,
				5FF4CA992C674BB80034D134 /* Release */,
			);
			defaultConfigurationIsVisible = 0;
			defaultConfigurationName = Release;
		};
/* End XCConfigurationList section */

/* Begin XCVersionGroup section */
		5FF4CA922C674BB80034D134 /* MatchMate.xcdatamodeld */ = {
			isa = XCVersionGroup;
			children = (
				5FF4CA932C674BB80034D134 /* MatchMate.xcdatamodel */,
			);
			currentVersion = 5FF4CA932C674BB80034D134 /* MatchMate.xcdatamodel */;
			path = MatchMate.xcdatamodeld;
			sourceTree = "<group>";
			versionGroupType = wrapper.xcdatamodel;
		};
/* End XCVersionGroup section */
	};
	rootObject = 5FF4CA7C2C674BB60034D134 /* Project object */;
}
